
Microsoft Visual Studio Solution File, Format Version 12.00
# Visual Studio Version 16
VisualStudioVersion = 16.0.32106.194
MinimumVisualStudioVersion = 10.0.40219.1
Project("{FAE04EC0-301F-11D3-BF4B-00C04F79EFBC}") = "ConsoleProject", "ConsoleProject\ConsoleProject.csproj", "{B8F310CE-5C38-4C0B-BFBA-987BEEDBE46C}"
EndProject
Global
	GlobalSection(SolutionConfigurationPlatforms) = preSolution
		Debug|Any CPU = Debug|Any CPU
		Release|Any CPU = Release|Any CPU
	EndGlobalSection
	GlobalSection(ProjectConfigurationPlatforms) = postSolution
		{B8F310CE-5C38-4C0B-BFBA-987BEEDBE46C}.Debug|Any CPU.ActiveCfg = Debug|Any CPU
		{B8F310CE-5C38-4C0B-BFBA-987BEEDBE46C}.Debug|Any CPU.Build.0 = Debug|Any CPU
		{B8F310CE-5C38-4C0B-BFBA-987BEEDBE46C}.Release|Any CPU.ActiveCfg = Release|Any CPU
		{B8F310CE-5C38-4C0B-BFBA-987BEEDBE46C}.Release|Any CPU.Build.0 = Release|Any CPU
	EndGlobalSection
	GlobalSection(SolutionProperties) = preSolution
		HideSolutionNode = FALSE
	EndGlobalSection
	GlobalSection(ExtensibilityGlobals) = postSolution
		SolutionGuid = {99D99AFE-6531-4428-AD4C-498B19A7E696}
	EndGlobalSection
EndGlobal
